
Microsoft Visual Studio Solution File, Format Version 11.00
# Visual Studio 2010
Project("{FAE04EC0-301F-11D3-BF4B-00C04F79EFBC}") = "GottaCatchEmAll", "Assembly-CSharp.csproj", "{94CB7946-371E-D0D4-C997-A7FDD5CBA6A6}"
EndProject
Project("{FAE04EC0-301F-11D3-BF4B-00C04F79EFBC}") = "GottaCatchEmAll", "Assembly-CSharp-Editor.csproj", "{CE2650BA-45FC-0CB1-C39E-D44CA9F8D4E6}"
EndProject
Global
	GlobalSection(SolutionConfigurationPlatforms) = preSolution
		Debug|Any CPU = Debug|Any CPU
		Release|Any CPU = Release|Any CPU
	EndGlobalSection
	GlobalSection(ProjectConfigurationPlatforms) = postSolution
		{94CB7946-371E-D0D4-C997-A7FDD5CBA6A6}.Debug|Any CPU.ActiveCfg = Debug|Any CPU
		{94CB7946-371E-D0D4-C997-A7FDD5CBA6A6}.Debug|Any CPU.Build.0 = Debug|Any CPU
		{94CB7946-371E-D0D4-C997-A7FDD5CBA6A6}.Release|Any CPU.ActiveCfg = Release|Any CPU
		{94CB7946-371E-D0D4-C997-A7FDD5CBA6A6}.Release|Any CPU.Build.0 = Release|Any CPU
		{CE2650BA-45FC-0CB1-C39E-D44CA9F8D4E6}.Debug|Any CPU.ActiveCfg = Debug|Any CPU
		{CE2650BA-45FC-0CB1-C39E-D44CA9F8D4E6}.Debug|Any CPU.Build.0 = Debug|Any CPU
		{CE2650BA-45FC-0CB1-C39E-D44CA9F8D4E6}.Release|Any CPU.ActiveCfg = Release|Any CPU
		{CE2650BA-45FC-0CB1-C39E-D44CA9F8D4E6}.Release|Any CPU.Build.0 = Release|Any CPU
	EndGlobalSection
	GlobalSection(SolutionProperties) = preSolution
		HideSolutionNode = FALSE
	EndGlobalSection
	GlobalSection(MonoDevelopProperties) = preSolution
		StartupItem = Assembly-CSharp.csproj
	EndGlobalSection
EndGlobal
