
Microsoft Visual Studio Solution File, Format Version 11.00
# Visual Studio 2010
Project("{FAE04EC0-301F-11D3-BF4B-00C04F79EFBC}") = "SantoGato", "Assembly-CSharp.csproj", "{EB0B02DD-F554-4002-CFE3-DC1DAA084B09}"
EndProject
Global
	GlobalSection(SolutionConfigurationPlatforms) = preSolution
		Debug|Any CPU = Debug|Any CPU
		Release|Any CPU = Release|Any CPU
	EndGlobalSection
	GlobalSection(ProjectConfigurationPlatforms) = postSolution
		{EB0B02DD-F554-4002-CFE3-DC1DAA084B09}.Debug|Any CPU.ActiveCfg = Debug|Any CPU
		{EB0B02DD-F554-4002-CFE3-DC1DAA084B09}.Debug|Any CPU.Build.0 = Debug|Any CPU
		{EB0B02DD-F554-4002-CFE3-DC1DAA084B09}.Release|Any CPU.ActiveCfg = Release|Any CPU
		{EB0B02DD-F554-4002-CFE3-DC1DAA084B09}.Release|Any CPU.Build.0 = Release|Any CPU
	EndGlobalSection
	GlobalSection(SolutionProperties) = preSolution
		HideSolutionNode = FALSE
	EndGlobalSection
	GlobalSection(MonoDevelopProperties) = preSolution
		StartupItem = Assembly-CSharp.csproj
	EndGlobalSection
EndGlobal
